// !$*UTF8*$!
{
	archiveVersion = 1;
	classes = {
	};
	objectVersion = 54;
	objects = {

/* Begin PBXBuildFile section */
		BB0A1D795E1343B5B6F0DB76ABA7CF80 /* TimeGrpc.swift in Sources */ = {isa = PBXBuildFile; fileRef = EDAD86148B294AAEA60834CA815FD4C7 /* TimeGrpc.swift */; };
		97E416CE764C4A8EA88C8B693F752AFC /* common.pb.cc in Sources */ = {isa = PBXBuildFile; fileRef = F4B1A85799364EB1BE1FA6714BD4BD30 /* common.pb.cc */; };
		BA29844C20164B1A9F82F4527E8078EB /* pagination.pb.h in Sources */ = {isa = PBXBuildFile; fileRef = 0BD319C5D9934D86A9992AA8C3B2E139 /* pagination.pb.h */; };
		235B52CF62EB42079A239CB3DA9BFDD1 /* video_types.pb.cc in Sources */ = {isa = PBXBuildFile; fileRef = 3724980B91F94410B8C1F4744E7B715D /* video_types.pb.cc */; };
		893F0637D88B4D23BED754B4C575E7C0 /* timestamp.grpc.pb.h in Sources */ = {isa = PBXBuildFile; fileRef = BF8C22D5D4624F36A92F2C7CB406B9A7 /* timestamp.grpc.pb.h */; };
		3A13484D0FA44BD784AB5CB6EB924B0C /* common.pb.h in Sources */ = {isa = PBXBuildFile; fileRef = 3643DEE4A30A4E509C4CDD353BDCA18A /* common.pb.h */; };
		838F1E23D77140468ACAABAEEAEFD46A /* pagination.grpc.pb.cc in Sources */ = {isa = PBXBuildFile; fileRef = D9D26C7E430E4CDA99F564911BBBEDE8 /* pagination.grpc.pb.cc */; };
		22409B3916644B978A3282D27D2193C8 /* timestamp.pb.cc in Sources */ = {isa = PBXBuildFile; fileRef = F23F3A168BC446409E6F26923A2EA4DE /* timestamp.pb.cc */; };
		3C6FF4D8EB324C16A5377DEB2677B6D7 /* timestamp.grpc.pb.cc in Sources */ = {isa = PBXBuildFile; fileRef = D3471CBD6C6248778C8AB8105338FA97 /* timestamp.grpc.pb.cc */; };
		6F469845B07446329EE8F9367DC056AC /* pagination.pb.cc in Sources */ = {isa = PBXBuildFile; fileRef = D48A6F1B182646BBAFC0039AC503FE69 /* pagination.pb.cc */; };
		AAA65D9F6E9540B4BC01A7C37AB00085 /* common.grpc.pb.cc in Sources */ = {isa = PBXBuildFile; fileRef = 9E9307A6CC2F4E77ABB23ECC1E1FBD75 /* common.grpc.pb.cc */; };
		FE0276AD69F84693885CEBAC28AFB6DE /* pagination.grpc.pb.h in Sources */ = {isa = PBXBuildFile; fileRef = B1BFF2A1BB3E457897AB860BB2E9B195 /* pagination.grpc.pb.h */; };
		FCBD345BADE640A8B22381D214C2322D /* common.grpc.pb.h in Sources */ = {isa = PBXBuildFile; fileRef = CB280D32C78740769A379A7058694B59 /* common.grpc.pb.h */; };
		3079A41D139E46038990852129158410 /* timestamp.pb.h in Sources */ = {isa = PBXBuildFile; fileRef = 0E9D25BFF33343E4A895CCFB6E106C56 /* timestamp.pb.h */; };
		C286603A760145EDBD1D91D5939E896E /* video_types.pb.h in Sources */ = {isa = PBXBuildFile; fileRef = AC1894AEFC3E40CAA38C27C3BB77CFF6 /* video_types.pb.h */; };
		E31DCE54913447B9B49CFC435687447E /* timeline.grpc.pb.cc in Sources */ = {isa = PBXBuildFile; fileRef = D100DEF1FBC94ED1AEBABCADD9597D98 /* timeline.grpc.pb.cc */; };
		C74BA60A7B2F471389C069648AB068E1 /* timeline.grpc.pb.h in Sources */ = {isa = PBXBuildFile; fileRef = E0F0408B6BCA4DFEA095BA64291AD6CE /* timeline.grpc.pb.h */; };
		5CB33A5775B8441BBD10C7D35CD7CAE3 /* media.pb.cc in Sources */ = {isa = PBXBuildFile; fileRef = 76B3CFA1E73341BF9D506270220AC1FA /* media.pb.cc */; };
		35240C60C55A4C3B811A73BE66B8C033 /* user.pb.cc in Sources */ = {isa = PBXBuildFile; fileRef = 50852BD358E44FA9AB56635ECD511E1D /* user.pb.cc */; };
		F96EC4A3417944038D6BFCDDD2D49BDA /* note.grpc.pb.h in Sources */ = {isa = PBXBuildFile; fileRef = 7209F836A6B747ADA3CE472D36ACDD42 /* note.grpc.pb.h */; };
		A4D85FFFF0624CB195AAE87DF18E024E /* list_service.grpc.pb.cc in Sources */ = {isa = PBXBuildFile; fileRef = 2A55038593264B9284A2D72835268BFA /* list_service.grpc.pb.cc */; };
		BEEDA6C2D7D74ECC9D42D632F5136A55 /* list_service.pb.cc in Sources */ = {isa = PBXBuildFile; fileRef = 740C607C392C4598AA62CAAE514C0D51 /* list_service.pb.cc */; };
		15AB41A39DDB4CBC9DB71D183269B5D6 /* note.pb.cc in Sources */ = {isa = PBXBuildFile; fileRef = 3A7C30EE72464D0A972CCC5C00C80DEE /* note.pb.cc */; };
		433988A1EE7644999BC1292CB88C3A1A /* notification.grpc.pb.cc in Sources */ = {isa = PBXBuildFile; fileRef = B657E680724F4ED1A3C21350CDC1E0DB /* notification.grpc.pb.cc */; };
		B276B66324A7461287FE3A19534CC80C /* starterpack_service.pb.h in Sources */ = {isa = PBXBuildFile; fileRef = 6340DEF2026E4B9A8F75B5A4DF3970E8 /* starterpack_service.pb.h */; };
		6F2D2D7EECE5499090944F57014C7C17 /* search.grpc.pb.cc in Sources */ = {isa = PBXBuildFile; fileRef = EB67A7A0A60D42B5A402094E9DBBB279 /* search.grpc.pb.cc */; };
		A59A217181C841C293C8C1F1A0C61231 /* search.grpc.pb.h in Sources */ = {isa = PBXBuildFile; fileRef = 51E2ABC1D91D4AB09FFB2B4E0943A9BB /* search.grpc.pb.h */; };
		C3D3C9E96EC148B5B0C9990D90571A11 /* drafts_service.grpc.pb.h in Sources */ = {isa = PBXBuildFile; fileRef = B059D4323CE6483891B53F4350A1113C /* drafts_service.grpc.pb.h */; };
		0944661D0E6141DFA39C4040C1A37B1A /* messaging.pb.h in Sources */ = {isa = PBXBuildFile; fileRef = 198144CEE4FA4F53B17AE55D7FCC071B /* messaging.pb.h */; };
		594ABA1BCA9847A2BC28F9F1303F91B2 /* notification.grpc.pb.h in Sources */ = {isa = PBXBuildFile; fileRef = 22EC3C621696496CAE285493234F58FB /* notification.grpc.pb.h */; };
		7E33BF99D13A4B5392A6C9E27761FB9A /* user.pb.h in Sources */ = {isa = PBXBuildFile; fileRef = C2260C3C301C4F9084EEBFDA8384CA21 /* user.pb.h */; };
		4166CAC4B6A5432992FEAA2EE44FB444 /* fanout.grpc.pb.h in Sources */ = {isa = PBXBuildFile; fileRef = 2EF5884B974B471A85BCE9CFEA9C468B /* fanout.grpc.pb.h */; };
		B5CD04AE4882405EA50A5DC8E6C4F3DA /* messaging.grpc.pb.h in Sources */ = {isa = PBXBuildFile; fileRef = 199B279EDECF47FFAB24AE523AC9821C /* messaging.grpc.pb.h */; };
		CD386C6C921F444FAB4D699EA77ED03C /* starterpack_service.grpc.pb.cc in Sources */ = {isa = PBXBuildFile; fileRef = F155552494024A83B262A11349037F13 /* starterpack_service.grpc.pb.cc */; };
		2DC1364D914F4456807C2D5D4658DE7F /* messaging.pb.cc in Sources */ = {isa = PBXBuildFile; fileRef = 0C71DA93F2544CFE953A00111B3536C3 /* messaging.pb.cc */; };
		1E791D5D8301469D9E7270F727B6DE8A /* media.grpc.pb.cc in Sources */ = {isa = PBXBuildFile; fileRef = 6503D42E2D6D4BFA85D52747B61FB4CE /* media.grpc.pb.cc */; };
		5DC20811E37941BF90C0E9BF440BD8D7 /* drafts_service.pb.h in Sources */ = {isa = PBXBuildFile; fileRef = 08945A2D918F436F98C413F94B3AA1D1 /* drafts_service.pb.h */; };
		ABB1E14B7FFB4B90BB0F53B85C62C29B /* drafts_service.grpc.pb.cc in Sources */ = {isa = PBXBuildFile; fileRef = FF2B5BF6A9BD443C8D415B7EA0181CD0 /* drafts_service.grpc.pb.cc */; };
		707285531FE2428A8F548C0F0761337F /* media.grpc.pb.h in Sources */ = {isa = PBXBuildFile; fileRef = 2C323F4B02D049F1AA2BD7323E38CD32 /* media.grpc.pb.h */; };
		AAFE8046F686452F97C898A0A401AC5D /* user.grpc.pb.h in Sources */ = {isa = PBXBuildFile; fileRef = 754AE4E9DAA145EEBF9E5045218FA1EE /* user.grpc.pb.h */; };
		1EF42FA7201B45B0840B6D97AD586738 /* note.grpc.pb.cc in Sources */ = {isa = PBXBuildFile; fileRef = ECE9810721FF4D3D966EAAC6E5D9E9C5 /* note.grpc.pb.cc */; };
		D5AD71014058418281F7F4837D1E7B61 /* fanout.pb.h in Sources */ = {isa = PBXBuildFile; fileRef = 11D85DCEA9EF445D9FA218CBB3BCEEDA /* fanout.pb.h */; };
		0E335E23A9AF43C58CA53153026F5663 /* list_service.grpc.pb.h in Sources */ = {isa = PBXBuildFile; fileRef = C274BC6C90E14F23A971BB3DD6FD1B15 /* list_service.grpc.pb.h */; };
		575F26F59FE44A18A2B2F326C8261795 /* notification.pb.h in Sources */ = {isa = PBXBuildFile; fileRef = 5CCF2816C39E4607A77001FB98905D60 /* notification.pb.h */; };
		5D60B8DAB1694FB19A53EC6123D0B90D /* messaging.grpc.pb.cc in Sources */ = {isa = PBXBuildFile; fileRef = 1092525C6FBE4D10A2BAC130F5F4D9FC /* messaging.grpc.pb.cc */; };
		6B6A4EE4F434446EB9E402179E60D8A4 /* notification.pb.cc in Sources */ = {isa = PBXBuildFile; fileRef = 8DB5EAC2378D4863BE287B42BAFAAC44 /* notification.pb.cc */; };
		0CA8A64CA1AC4315B3F39E2AFC2BE861 /* note.pb.h in Sources */ = {isa = PBXBuildFile; fileRef = 038CAACD6DDA435A85140F7AFFCCCB7E /* note.pb.h */; };
		4BDC94CF6A254C94A3E3958E59ED4BEF /* media.pb.h in Sources */ = {isa = PBXBuildFile; fileRef = 5E41BB574CBB4AADA4F472304C45A740 /* media.pb.h */; };
		AA189AE08A704E5FBA9F6E6B45AF98C5 /* fanout.pb.cc in Sources */ = {isa = PBXBuildFile; fileRef = 1C38DC1C99294271AF8FCFC30C3F6509 /* fanout.pb.cc */; };
		61B62689EFE94191B4B035C39E6FDD2E /* timeline.pb.cc in Sources */ = {isa = PBXBuildFile; fileRef = 05C5E04176E04CA280CE86C0DE8F8C5C /* timeline.pb.cc */; };
		17F64A393BFB496F97231FE71301934E /* search.pb.cc in Sources */ = {isa = PBXBuildFile; fileRef = CB9659BC23C741C9801C73C7A5892777 /* search.pb.cc */; };
		821AB91A1FC94B778959598FFB2F83DA /* starterpack_service.grpc.pb.h in Sources */ = {isa = PBXBuildFile; fileRef = 32BBDA9CD52B46FA9BC5496EB33D7DFC /* starterpack_service.grpc.pb.h */; };
		CB29798E02614405BC3403EB6C5460E8 /* drafts_service.pb.cc in Sources */ = {isa = PBXBuildFile; fileRef = C927389AF65840A4AD0BBBF2F67476DB /* drafts_service.pb.cc */; };
		EF1BA28BA2A5466AB6715CF132ECB0FB /* search.pb.h in Sources */ = {isa = PBXBuildFile; fileRef = E32E95D354D14898A6F360659BDEE475 /* search.pb.h */; };
		84C30B5AC2054106B8E0C97AF1C08122 /* list_service.pb.h in Sources */ = {isa = PBXBuildFile; fileRef = 4C677C2820514C21935B38A0DF42C196 /* list_service.pb.h */; };
		E86156CC7D81440C94C2A9C83C087D3E /* starterpack_service.pb.cc in Sources */ = {isa = PBXBuildFile; fileRef = 1B6F5DCB02194A2DAC0C0DD3B210AD6B /* starterpack_service.pb.cc */; };
		F8295DE350C5451F8BA52594C08A477F /* timeline.pb.h in Sources */ = {isa = PBXBuildFile; fileRef = 007A62BA505842A5A3FBC8D3E2495729 /* timeline.pb.h */; };
		3233B5F3C84C4FC7AF89D1E39502A12C /* fanout.grpc.pb.cc in Sources */ = {isa = PBXBuildFile; fileRef = A9DAE1D1AAA7425C824234E67186CE0A /* fanout.grpc.pb.cc */; };
		597CB6B6066E44DABB59DAE02B3FF07B /* user.grpc.pb.cc in Sources */ = {isa = PBXBuildFile; fileRef = 16F78E9C9C254F678667FB4DE875FBAD /* user.grpc.pb.cc */; };
		13B07FBF1A68108700A75B9A /* Images.xcassets in Resources */ = {isa = PBXBuildFile; fileRef = 13B07FB51A68108700A75B9A /* Images.xcassets */; };
		3E461D99554A48A4959DE609 /* SplashScreen.storyboard in Resources */ = {isa = PBXBuildFile; fileRef = AA286B85B6C04FC6940260E9 /* SplashScreen.storyboard */; };
		BB2F792D24A3F905000567C9 /* Expo.plist in Resources */ = {isa = PBXBuildFile; fileRef = BB2F792C24A3F905000567C9 /* Expo.plist */; };
		F11748422D0307B40044C1D9 /* AppDelegate.swift in Sources */ = {isa = PBXBuildFile; fileRef = F11748412D0307B40044C1D9 /* AppDelegate.swift */; };
/* End PBXBuildFile section */

/* Begin PBXFileReference section */
		EDAD86148B294AAEA60834CA815FD4C7 /* TimeGrpc.swift */ = {isa = PBXFileReference; lastKnownFileType = sourcecode.swift; name = TimeGrpc.swift; path = ../Time/Generated/TimeGrpc.swift; sourceTree = "<group>"; };
		F4B1A85799364EB1BE1FA6714BD4BD30 /* common.pb.cc */ = {isa = PBXFileReference; lastKnownFileType = sourcecode.cpp.objcpp; name = common.pb.cc; path = ../Time/Generated/common/common.pb.cc; sourceTree = "<group>"; };
		0BD319C5D9934D86A9992AA8C3B2E139 /* pagination.pb.h */ = {isa = PBXFileReference; lastKnownFileType = sourcecode.c.h; name = pagination.pb.h; path = ../Time/Generated/common/pagination.pb.h; sourceTree = "<group>"; };
		3724980B91F94410B8C1F4744E7B715D /* video_types.pb.cc */ = {isa = PBXFileReference; lastKnownFileType = sourcecode.cpp.objcpp; name = video_types.pb.cc; path = ../Time/Generated/common/video_types.pb.cc; sourceTree = "<group>"; };
		BF8C22D5D4624F36A92F2C7CB406B9A7 /* timestamp.grpc.pb.h */ = {isa = PBXFileReference; lastKnownFileType = sourcecode.c.h; name = timestamp.grpc.pb.h; path = ../Time/Generated/common/timestamp.grpc.pb.h; sourceTree = "<group>"; };
		3643DEE4A30A4E509C4CDD353BDCA18A /* common.pb.h */ = {isa = PBXFileReference; lastKnownFileType = sourcecode.c.h; name = common.pb.h; path = ../Time/Generated/common/common.pb.h; sourceTree = "<group>"; };
		D9D26C7E430E4CDA99F564911BBBEDE8 /* pagination.grpc.pb.cc */ = {isa = PBXFileReference; lastKnownFileType = sourcecode.cpp.objcpp; name = pagination.grpc.pb.cc; path = ../Time/Generated/common/pagination.grpc.pb.cc; sourceTree = "<group>"; };
		F23F3A168BC446409E6F26923A2EA4DE /* timestamp.pb.cc */ = {isa = PBXFileReference; lastKnownFileType = sourcecode.cpp.objcpp; name = timestamp.pb.cc; path = ../Time/Generated/common/timestamp.pb.cc; sourceTree = "<group>"; };
		D3471CBD6C6248778C8AB8105338FA97 /* timestamp.grpc.pb.cc */ = {isa = PBXFileReference; lastKnownFileType = sourcecode.cpp.objcpp; name = timestamp.grpc.pb.cc; path = ../Time/Generated/common/timestamp.grpc.pb.cc; sourceTree = "<group>"; };
		D48A6F1B182646BBAFC0039AC503FE69 /* pagination.pb.cc */ = {isa = PBXFileReference; lastKnownFileType = sourcecode.cpp.objcpp; name = pagination.pb.cc; path = ../Time/Generated/common/pagination.pb.cc; sourceTree = "<group>"; };
		9E9307A6CC2F4E77ABB23ECC1E1FBD75 /* common.grpc.pb.cc */ = {isa = PBXFileReference; lastKnownFileType = sourcecode.cpp.objcpp; name = common.grpc.pb.cc; path = ../Time/Generated/common/common.grpc.pb.cc; sourceTree = "<group>"; };
		B1BFF2A1BB3E457897AB860BB2E9B195 /* pagination.grpc.pb.h */ = {isa = PBXFileReference; lastKnownFileType = sourcecode.c.h; name = pagination.grpc.pb.h; path = ../Time/Generated/common/pagination.grpc.pb.h; sourceTree = "<group>"; };
		CB280D32C78740769A379A7058694B59 /* common.grpc.pb.h */ = {isa = PBXFileReference; lastKnownFileType = sourcecode.c.h; name = common.grpc.pb.h; path = ../Time/Generated/common/common.grpc.pb.h; sourceTree = "<group>"; };
		0E9D25BFF33343E4A895CCFB6E106C56 /* timestamp.pb.h */ = {isa = PBXFileReference; lastKnownFileType = sourcecode.c.h; name = timestamp.pb.h; path = ../Time/Generated/common/timestamp.pb.h; sourceTree = "<group>"; };
		AC1894AEFC3E40CAA38C27C3BB77CFF6 /* video_types.pb.h */ = {isa = PBXFileReference; lastKnownFileType = sourcecode.c.h; name = video_types.pb.h; path = ../Time/Generated/common/video_types.pb.h; sourceTree = "<group>"; };
		D100DEF1FBC94ED1AEBABCADD9597D98 /* timeline.grpc.pb.cc */ = {isa = PBXFileReference; lastKnownFileType = sourcecode.cpp.objcpp; name = timeline.grpc.pb.cc; path = ../Time/Generated/services/timeline.grpc.pb.cc; sourceTree = "<group>"; };
		E0F0408B6BCA4DFEA095BA64291AD6CE /* timeline.grpc.pb.h */ = {isa = PBXFileReference; lastKnownFileType = sourcecode.c.h; name = timeline.grpc.pb.h; path = ../Time/Generated/services/timeline.grpc.pb.h; sourceTree = "<group>"; };
		76B3CFA1E73341BF9D506270220AC1FA /* media.pb.cc */ = {isa = PBXFileReference; lastKnownFileType = sourcecode.cpp.objcpp; name = media.pb.cc; path = ../Time/Generated/services/media.pb.cc; sourceTree = "<group>"; };
		50852BD358E44FA9AB56635ECD511E1D /* user.pb.cc */ = {isa = PBXFileReference; lastKnownFileType = sourcecode.cpp.objcpp; name = user.pb.cc; path = ../Time/Generated/services/user.pb.cc; sourceTree = "<group>"; };
		7209F836A6B747ADA3CE472D36ACDD42 /* note.grpc.pb.h */ = {isa = PBXFileReference; lastKnownFileType = sourcecode.c.h; name = note.grpc.pb.h; path = ../Time/Generated/services/note.grpc.pb.h; sourceTree = "<group>"; };
		2A55038593264B9284A2D72835268BFA /* list_service.grpc.pb.cc */ = {isa = PBXFileReference; lastKnownFileType = sourcecode.cpp.objcpp; name = list_service.grpc.pb.cc; path = ../Time/Generated/services/list_service.grpc.pb.cc; sourceTree = "<group>"; };
		740C607C392C4598AA62CAAE514C0D51 /* list_service.pb.cc */ = {isa = PBXFileReference; lastKnownFileType = sourcecode.cpp.objcpp; name = list_service.pb.cc; path = ../Time/Generated/services/list_service.pb.cc; sourceTree = "<group>"; };
		3A7C30EE72464D0A972CCC5C00C80DEE /* note.pb.cc */ = {isa = PBXFileReference; lastKnownFileType = sourcecode.cpp.objcpp; name = note.pb.cc; path = ../Time/Generated/services/note.pb.cc; sourceTree = "<group>"; };
		B657E680724F4ED1A3C21350CDC1E0DB /* notification.grpc.pb.cc */ = {isa = PBXFileReference; lastKnownFileType = sourcecode.cpp.objcpp; name = notification.grpc.pb.cc; path = ../Time/Generated/services/notification.grpc.pb.cc; sourceTree = "<group>"; };
		6340DEF2026E4B9A8F75B5A4DF3970E8 /* starterpack_service.pb.h */ = {isa = PBXFileReference; lastKnownFileType = sourcecode.c.h; name = starterpack_service.pb.h; path = ../Time/Generated/services/starterpack_service.pb.h; sourceTree = "<group>"; };
		EB67A7A0A60D42B5A402094E9DBBB279 /* search.grpc.pb.cc */ = {isa = PBXFileReference; lastKnownFileType = sourcecode.cpp.objcpp; name = search.grpc.pb.cc; path = ../Time/Generated/services/search.grpc.pb.cc; sourceTree = "<group>"; };
		51E2ABC1D91D4AB09FFB2B4E0943A9BB /* search.grpc.pb.h */ = {isa = PBXFileReference; lastKnownFileType = sourcecode.c.h; name = search.grpc.pb.h; path = ../Time/Generated/services/search.grpc.pb.h; sourceTree = "<group>"; };
		B059D4323CE6483891B53F4350A1113C /* drafts_service.grpc.pb.h */ = {isa = PBXFileReference; lastKnownFileType = sourcecode.c.h; name = drafts_service.grpc.pb.h; path = ../Time/Generated/services/drafts_service.grpc.pb.h; sourceTree = "<group>"; };
		198144CEE4FA4F53B17AE55D7FCC071B /* messaging.pb.h */ = {isa = PBXFileReference; lastKnownFileType = sourcecode.c.h; name = messaging.pb.h; path = ../Time/Generated/services/messaging.pb.h; sourceTree = "<group>"; };
		22EC3C621696496CAE285493234F58FB /* notification.grpc.pb.h */ = {isa = PBXFileReference; lastKnownFileType = sourcecode.c.h; name = notification.grpc.pb.h; path = ../Time/Generated/services/notification.grpc.pb.h; sourceTree = "<group>"; };
		C2260C3C301C4F9084EEBFDA8384CA21 /* user.pb.h */ = {isa = PBXFileReference; lastKnownFileType = sourcecode.c.h; name = user.pb.h; path = ../Time/Generated/services/user.pb.h; sourceTree = "<group>"; };
		2EF5884B974B471A85BCE9CFEA9C468B /* fanout.grpc.pb.h */ = {isa = PBXFileReference; lastKnownFileType = sourcecode.c.h; name = fanout.grpc.pb.h; path = ../Time/Generated/services/fanout.grpc.pb.h; sourceTree = "<group>"; };
		199B279EDECF47FFAB24AE523AC9821C /* messaging.grpc.pb.h */ = {isa = PBXFileReference; lastKnownFileType = sourcecode.c.h; name = messaging.grpc.pb.h; path = ../Time/Generated/services/messaging.grpc.pb.h; sourceTree = "<group>"; };
		F155552494024A83B262A11349037F13 /* starterpack_service.grpc.pb.cc */ = {isa = PBXFileReference; lastKnownFileType = sourcecode.cpp.objcpp; name = starterpack_service.grpc.pb.cc; path = ../Time/Generated/services/starterpack_service.grpc.pb.cc; sourceTree = "<group>"; };
		0C71DA93F2544CFE953A00111B3536C3 /* messaging.pb.cc */ = {isa = PBXFileReference; lastKnownFileType = sourcecode.cpp.objcpp; name = messaging.pb.cc; path = ../Time/Generated/services/messaging.pb.cc; sourceTree = "<group>"; };
		6503D42E2D6D4BFA85D52747B61FB4CE /* media.grpc.pb.cc */ = {isa = PBXFileReference; lastKnownFileType = sourcecode.cpp.objcpp; name = media.grpc.pb.cc; path = ../Time/Generated/services/media.grpc.pb.cc; sourceTree = "<group>"; };
		08945A2D918F436F98C413F94B3AA1D1 /* drafts_service.pb.h */ = {isa = PBXFileReference; lastKnownFileType = sourcecode.c.h; name = drafts_service.pb.h; path = ../Time/Generated/services/drafts_service.pb.h; sourceTree = "<group>"; };
		FF2B5BF6A9BD443C8D415B7EA0181CD0 /* drafts_service.grpc.pb.cc */ = {isa = PBXFileReference; lastKnownFileType = sourcecode.cpp.objcpp; name = drafts_service.grpc.pb.cc; path = ../Time/Generated/services/drafts_service.grpc.pb.cc; sourceTree = "<group>"; };
		2C323F4B02D049F1AA2BD7323E38CD32 /* media.grpc.pb.h */ = {isa = PBXFileReference; lastKnownFileType = sourcecode.c.h; name = media.grpc.pb.h; path = ../Time/Generated/services/media.grpc.pb.h; sourceTree = "<group>"; };
		754AE4E9DAA145EEBF9E5045218FA1EE /* user.grpc.pb.h */ = {isa = PBXFileReference; lastKnownFileType = sourcecode.c.h; name = user.grpc.pb.h; path = ../Time/Generated/services/user.grpc.pb.h; sourceTree = "<group>"; };
		ECE9810721FF4D3D966EAAC6E5D9E9C5 /* note.grpc.pb.cc */ = {isa = PBXFileReference; lastKnownFileType = sourcecode.cpp.objcpp; name = note.grpc.pb.cc; path = ../Time/Generated/services/note.grpc.pb.cc; sourceTree = "<group>"; };
		11D85DCEA9EF445D9FA218CBB3BCEEDA /* fanout.pb.h */ = {isa = PBXFileReference; lastKnownFileType = sourcecode.c.h; name = fanout.pb.h; path = ../Time/Generated/services/fanout.pb.h; sourceTree = "<group>"; };
		C274BC6C90E14F23A971BB3DD6FD1B15 /* list_service.grpc.pb.h */ = {isa = PBXFileReference; lastKnownFileType = sourcecode.c.h; name = list_service.grpc.pb.h; path = ../Time/Generated/services/list_service.grpc.pb.h; sourceTree = "<group>"; };
		5CCF2816C39E4607A77001FB98905D60 /* notification.pb.h */ = {isa = PBXFileReference; lastKnownFileType = sourcecode.c.h; name = notification.pb.h; path = ../Time/Generated/services/notification.pb.h; sourceTree = "<group>"; };
		1092525C6FBE4D10A2BAC130F5F4D9FC /* messaging.grpc.pb.cc */ = {isa = PBXFileReference; lastKnownFileType = sourcecode.cpp.objcpp; name = messaging.grpc.pb.cc; path = ../Time/Generated/services/messaging.grpc.pb.cc; sourceTree = "<group>"; };
		8DB5EAC2378D4863BE287B42BAFAAC44 /* notification.pb.cc */ = {isa = PBXFileReference; lastKnownFileType = sourcecode.cpp.objcpp; name = notification.pb.cc; path = ../Time/Generated/services/notification.pb.cc; sourceTree = "<group>"; };
		038CAACD6DDA435A85140F7AFFCCCB7E /* note.pb.h */ = {isa = PBXFileReference; lastKnownFileType = sourcecode.c.h; name = note.pb.h; path = ../Time/Generated/services/note.pb.h; sourceTree = "<group>"; };
		5E41BB574CBB4AADA4F472304C45A740 /* media.pb.h */ = {isa = PBXFileReference; lastKnownFileType = sourcecode.c.h; name = media.pb.h; path = ../Time/Generated/services/media.pb.h; sourceTree = "<group>"; };
		1C38DC1C99294271AF8FCFC30C3F6509 /* fanout.pb.cc */ = {isa = PBXFileReference; lastKnownFileType = sourcecode.cpp.objcpp; name = fanout.pb.cc; path = ../Time/Generated/services/fanout.pb.cc; sourceTree = "<group>"; };
		05C5E04176E04CA280CE86C0DE8F8C5C /* timeline.pb.cc */ = {isa = PBXFileReference; lastKnownFileType = sourcecode.cpp.objcpp; name = timeline.pb.cc; path = ../Time/Generated/services/timeline.pb.cc; sourceTree = "<group>"; };
		CB9659BC23C741C9801C73C7A5892777 /* search.pb.cc */ = {isa = PBXFileReference; lastKnownFileType = sourcecode.cpp.objcpp; name = search.pb.cc; path = ../Time/Generated/services/search.pb.cc; sourceTree = "<group>"; };
		32BBDA9CD52B46FA9BC5496EB33D7DFC /* starterpack_service.grpc.pb.h */ = {isa = PBXFileReference; lastKnownFileType = sourcecode.c.h; name = starterpack_service.grpc.pb.h; path = ../Time/Generated/services/starterpack_service.grpc.pb.h; sourceTree = "<group>"; };
		C927389AF65840A4AD0BBBF2F67476DB /* drafts_service.pb.cc */ = {isa = PBXFileReference; lastKnownFileType = sourcecode.cpp.objcpp; name = drafts_service.pb.cc; path = ../Time/Generated/services/drafts_service.pb.cc; sourceTree = "<group>"; };
		E32E95D354D14898A6F360659BDEE475 /* search.pb.h */ = {isa = PBXFileReference; lastKnownFileType = sourcecode.c.h; name = search.pb.h; path = ../Time/Generated/services/search.pb.h; sourceTree = "<group>"; };
		4C677C2820514C21935B38A0DF42C196 /* list_service.pb.h */ = {isa = PBXFileReference; lastKnownFileType = sourcecode.c.h; name = list_service.pb.h; path = ../Time/Generated/services/list_service.pb.h; sourceTree = "<group>"; };
		1B6F5DCB02194A2DAC0C0DD3B210AD6B /* starterpack_service.pb.cc */ = {isa = PBXFileReference; lastKnownFileType = sourcecode.cpp.objcpp; name = starterpack_service.pb.cc; path = ../Time/Generated/services/starterpack_service.pb.cc; sourceTree = "<group>"; };
		007A62BA505842A5A3FBC8D3E2495729 /* timeline.pb.h */ = {isa = PBXFileReference; lastKnownFileType = sourcecode.c.h; name = timeline.pb.h; path = ../Time/Generated/services/timeline.pb.h; sourceTree = "<group>"; };
		A9DAE1D1AAA7425C824234E67186CE0A /* fanout.grpc.pb.cc */ = {isa = PBXFileReference; lastKnownFileType = sourcecode.cpp.objcpp; name = fanout.grpc.pb.cc; path = ../Time/Generated/services/fanout.grpc.pb.cc; sourceTree = "<group>"; };
		16F78E9C9C254F678667FB4DE875FBAD /* user.grpc.pb.cc */ = {isa = PBXFileReference; lastKnownFileType = sourcecode.cpp.objcpp; name = user.grpc.pb.cc; path = ../Time/Generated/services/user.grpc.pb.cc; sourceTree = "<group>"; };
		13B07F961A680F5B00A75B9A /* Time.app */ = {isa = PBXFileReference; explicitFileType = wrapper.application; includeInIndex = 0; path = Time.app; sourceTree = BUILT_PRODUCTS_DIR; };
		13B07FB51A68108700A75B9A /* Images.xcassets */ = {isa = PBXFileReference; lastKnownFileType = folder.assetcatalog; name = Images.xcassets; path = Time/Images.xcassets; sourceTree = "<group>"; };
		13B07FB61A68108700A75B9A /* Info.plist */ = {isa = PBXFileReference; fileEncoding = 4; lastKnownFileType = text.plist.xml; name = Info.plist; path = Time/Info.plist; sourceTree = "<group>"; };
		AA286B85B6C04FC6940260E9 /* SplashScreen.storyboard */ = {isa = PBXFileReference; fileEncoding = 4; lastKnownFileType = file.storyboard; name = SplashScreen.storyboard; path = Time/SplashScreen.storyboard; sourceTree = "<group>"; };
		BB2F792C24A3F905000567C9 /* Expo.plist */ = {isa = PBXFileReference; fileEncoding = 4; lastKnownFileType = text.plist.xml; path = Expo.plist; sourceTree = "<group>"; };
		ED297162215061F000B7C4FE /* JavaScriptCore.framework */ = {isa = PBXFileReference; lastKnownFileType = wrapper.framework; name = JavaScriptCore.framework; path = System/Library/Frameworks/JavaScriptCore.framework; sourceTree = SDKROOT; };
		F11748412D0307B40044C1D9 /* AppDelegate.swift */ = {isa = PBXFileReference; lastKnownFileType = sourcecode.swift; name = AppDelegate.swift; path = Time/AppDelegate.swift; sourceTree = "<group>"; };
		F11748442D0722820044C1D9 /* Time-Bridging-Header.h */ = {isa = PBXFileReference; lastKnownFileType = sourcecode.c.h; name = "Time-Bridging-Header.h"; path = "Time/Time-Bridging-Header.h"; sourceTree = "<group>"; };
/* End PBXFileReference section */

/* Begin PBXFrameworksBuildPhase section */
		13B07F8C1A680F5B00A75B9A /* Frameworks */ = {
			isa = PBXFrameworksBuildPhase;
			buildActionMask = 2147483647;
			files = (
			);
			runOnlyForDeploymentPostprocessing = 0;
		};
/* End PBXFrameworksBuildPhase section */

/* Begin PBXGroup section */
		13B07FAE1A68108700A75B9A /* Time */ = {
			isa = PBXGroup;
			children = (
				F11748412D0307B40044C1D9 /* AppDelegate.swift */,
				F11748442D0722820044C1D9 /* Time-Bridging-Header.h */,
				BB2F792B24A3F905000567C9 /* Supporting */,
				13B07FB51A68108700A75B9A /* Images.xcassets */,
				13B07FB61A68108700A75B9A /* Info.plist */,
				AA286B85B6C04FC6940260E9 /* SplashScreen.storyboard */,
			);
			name = Time;
			sourceTree = "<group>";
		};
		2D16E6871FA4F8E400B85C8A /* Frameworks */ = {
			isa = PBXGroup;
			children = (
				ED297162215061F000B7C4FE /* JavaScriptCore.framework */,
			);
			name = Frameworks;
			sourceTree = "<group>";
		};
		832341AE1AAA6A7D00B99B32 /* Libraries */ = {
			isa = PBXGroup;
			children = (
			);
			name = Libraries;
			sourceTree = "<group>";
		};
		83CBB9F61A601CBA00E9B192 = {
			isa = PBXGroup;
			children = (
				13B07FAE1A68108700A75B9A /* Time */,
				832341AE1AAA6A7D00B99B32 /* Libraries */,
				83CBBA001A601CBA00E9B192 /* Products */,
				2D16E6871FA4F8E400B85C8A /* Frameworks */,
			);
			indentWidth = 2;
			sourceTree = "<group>";
			tabWidth = 2;
			usesTabs = 0;
		};
		83CBBA001A601CBA00E9B192 /* Products */ = {
			isa = PBXGroup;
			children = (
				13B07F961A680F5B00A75B9A /* Time.app */,
			);
			name = Products;
			sourceTree = "<group>";
		};
		BB2F792B24A3F905000567C9 /* Supporting */ = {
			isa = PBXGroup;
			children = (
				BB2F792C24A3F905000567C9 /* Expo.plist */,
			);
			name = Supporting;
			path = Time/Supporting;
			sourceTree = "<group>";
		};
/* End PBXGroup section */

/* Begin PBXNativeTarget section */
		13B07F861A680F5B00A75B9A /* Time */ = {
			isa = PBXNativeTarget;
			buildConfigurationList = 13B07F931A680F5B00A75B9A /* Build configuration list for PBXNativeTarget "Time" */;
			buildPhases = (
				08A4A3CD28434E44B6B9DE2E /* [CP] Check Pods Manifest.lock */,
				13B07F871A680F5B00A75B9A /* Sources */,
				13B07F8C1A680F5B00A75B9A /* Frameworks */,
				13B07F8E1A680F5B00A75B9A /* Resources */,
				00DD1BFF1BD5951E006B06BC /* Bundle React Native code and images */,
				800E24972A6A228C8D4807E9 /* [CP] Copy Pods Resources */,
			);
			buildRules = (
			);
			dependencies = (
			);
			name = Time;
			productName = Time;
			productReference = 13B07F961A680F5B00A75B9A /* Time.app */;
			productType = "com.apple.product-type.application";
		};
/* End PBXNativeTarget section */

/* Begin PBXProject section */
		83CBB9F71A601CBA00E9B192 /* Project object */ = {
			isa = PBXProject;
			attributes = {
				LastUpgradeCheck = 1130;
				TargetAttributes = {
					13B07F861A680F5B00A75B9A = {
						LastSwiftMigration = 1250;
					};
				};
			};
			buildConfigurationList = 83CBB9FA1A601CBA00E9B192 /* Build configuration list for PBXProject "Time" */;
			compatibilityVersion = "Xcode 3.2";
			developmentRegion = en;
			hasScannedForEncodings = 0;
			knownRegions = (
				en,
				Base,
			);
			mainGroup = 83CBB9F61A601CBA00E9B192;
			productRefGroup = 83CBBA001A601CBA00E9B192 /* Products */;
			projectDirPath = "";
			projectRoot = "";
			targets = (
				13B07F861A680F5B00A75B9A /* Time */,
			);
		};
/* End PBXProject section */

/* Begin PBXResourcesBuildPhase section */
		13B07F8E1A680F5B00A75B9A /* Resources */ = {
			isa = PBXResourcesBuildPhase;
			buildActionMask = 2147483647;
			files = (
				BB2F792D24A3F905000567C9 /* Expo.plist in Resources */,
				13B07FBF1A68108700A75B9A /* Images.xcassets in Resources */,
				3E461D99554A48A4959DE609 /* SplashScreen.storyboard in Resources */,
			);
			runOnlyForDeploymentPostprocessing = 0;
		};
/* End PBXResourcesBuildPhase section */

/* Begin PBXShellScriptBuildPhase section */
		00DD1BFF1BD5951E006B06BC /* Bundle React Native code and images */ = {
			isa = PBXShellScriptBuildPhase;
			alwaysOutOfDate = 1;
			buildActionMask = 2147483647;
			files = (
			);
			inputPaths = (
				"$(SRCROOT)/.xcode.env",
				"$(SRCROOT)/.xcode.env.local",
			);
			name = "Bundle React Native code and images";
			outputPaths = (
			);
			runOnlyForDeploymentPostprocessing = 0;
			shellPath = /bin/sh;
			shellScript = "if [[ -f \"$PODS_ROOT/../.xcode.env\" ]]; then\n  source \"$PODS_ROOT/../.xcode.env\"\nfi\nif [[ -f \"$PODS_ROOT/../.xcode.env.local\" ]]; then\n  source \"$PODS_ROOT/../.xcode.env.local\"\nfi\n\n# The project root by default is one level up from the ios directory\nexport PROJECT_ROOT=\"$PROJECT_DIR\"/..\n\nif [[ \"$CONFIGURATION\" = *Debug* ]]; then\n  export SKIP_BUNDLING=1\nfi\nif [[ -z \"$ENTRY_FILE\" ]]; then\n  # Set the entry JS file using the bundler's entry resolution.\n  export ENTRY_FILE=\"$(\"$NODE_BINARY\" -e \"require('expo/scripts/resolveAppEntry')\" \"$PROJECT_ROOT\" ios absolute | tail -n 1)\"\nfi\n\nif [[ -z \"$CLI_PATH\" ]]; then\n  # Use Expo CLI\n  export CLI_PATH=\"$(\"$NODE_BINARY\" --print \"require.resolve('@expo/cli', { paths: [require.resolve('expo/package.json')] })\")\"\nfi\nif [[ -z \"$BUNDLE_COMMAND\" ]]; then\n  # Default Expo CLI command for bundling\n  export BUNDLE_COMMAND=\"export:embed\"\nfi\n\n# Source .xcode.env.updates if it exists to allow\n# SKIP_BUNDLING to be unset if needed\nif [[ -f \"$PODS_ROOT/../.xcode.env.updates\" ]]; then\n  source \"$PODS_ROOT/../.xcode.env.updates\"\nfi\n# Source local changes to allow overrides\n# if needed\nif [[ -f \"$PODS_ROOT/../.xcode.env.local\" ]]; then\n  source \"$PODS_ROOT/../.xcode.env.local\"\nfi\n\n`\"$NODE_BINARY\" --print \"require('path').dirname(require.resolve('react-native/package.json')) + '/scripts/react-native-xcode.sh'\"`\n\n";
		};
		08A4A3CD28434E44B6B9DE2E /* [CP] Check Pods Manifest.lock */ = {
			isa = PBXShellScriptBuildPhase;
			buildActionMask = 2147483647;
			files = (
			);
			inputFileListPaths = (
			);
			inputPaths = (
				"${PODS_PODFILE_DIR_PATH}/Podfile.lock",
				"${PODS_ROOT}/Manifest.lock",
			);
			name = "[CP] Check Pods Manifest.lock";
			outputFileListPaths = (
			);
			outputPaths = (
				"$(DERIVED_FILE_DIR)/Pods-Time-checkManifestLockResult.txt",
			);
			runOnlyForDeploymentPostprocessing = 0;
			shellPath = /bin/sh;
			shellScript = "diff \"${PODS_PODFILE_DIR_PATH}/Podfile.lock\" \"${PODS_ROOT}/Manifest.lock\" > /dev/null\nif [ $? != 0 ] ; then\n    # print error to STDERR\n    echo \"error: The sandbox is not in sync with the Podfile.lock. Run 'pod install' or update your CocoaPods installation.\" >&2\n    exit 1\nfi\n# This output is used by Xcode 'outputs' to avoid re-running this script phase.\necho \"SUCCESS\" > \"${SCRIPT_OUTPUT_FILE_0}\"\n";
			showEnvVarsInLog = 0;
		};
		800E24972A6A228C8D4807E9 /* [CP] Copy Pods Resources */ = {
			isa = PBXShellScriptBuildPhase;
			buildActionMask = 2147483647;
			files = (
			);
			inputPaths = (
				"${PODS_ROOT}/Target Support Files/Pods-Time/Pods-Time-resources.sh",
				"${PODS_CONFIGURATION_BUILD_DIR}/EXConstants/EXConstants.bundle",
				"${PODS_CONFIGURATION_BUILD_DIR}/EXUpdates/EXUpdates.bundle",
				"${PODS_CONFIGURATION_BUILD_DIR}/React-Core/RCTI18nStrings.bundle",
			);
			name = "[CP] Copy Pods Resources";
			outputPaths = (
				"${TARGET_BUILD_DIR}/${UNLOCALIZED_RESOURCES_FOLDER_PATH}/EXConstants.bundle",
				"${TARGET_BUILD_DIR}/${UNLOCALIZED_RESOURCES_FOLDER_PATH}/EXUpdates.bundle",
				"${TARGET_BUILD_DIR}/${UNLOCALIZED_RESOURCES_FOLDER_PATH}/RCTI18nStrings.bundle",
			);
			runOnlyForDeploymentPostprocessing = 0;
			shellPath = /bin/sh;
			shellScript = "\"${PODS_ROOT}/Target Support Files/Pods-Time/Pods-Time-resources.sh\"\n";
			showEnvVarsInLog = 0;
		};
/* End PBXShellScriptBuildPhase section */

/* Begin PBXSourcesBuildPhase section */
		13B07F871A680F5B00A75B9A /* Sources */ = {
			isa = PBXSourcesBuildPhase;
			buildActionMask = 2147483647;
			files = (
				F11748422D0307B40044C1D9 /* AppDelegate.swift in Sources */,
			);
			runOnlyForDeploymentPostprocessing = 0;
		
				BB0A1D795E1343B5B6F0DB76ABA7CF80 /* TimeGrpc.swift in Sources */,
				97E416CE764C4A8EA88C8B693F752AFC /* common.pb.cc in Sources */,
				BA29844C20164B1A9F82F4527E8078EB /* pagination.pb.h in Sources */,
				235B52CF62EB42079A239CB3DA9BFDD1 /* video_types.pb.cc in Sources */,
				893F0637D88B4D23BED754B4C575E7C0 /* timestamp.grpc.pb.h in Sources */,
				3A13484D0FA44BD784AB5CB6EB924B0C /* common.pb.h in Sources */,
				838F1E23D77140468ACAABAEEAEFD46A /* pagination.grpc.pb.cc in Sources */,
				22409B3916644B978A3282D27D2193C8 /* timestamp.pb.cc in Sources */,
				3C6FF4D8EB324C16A5377DEB2677B6D7 /* timestamp.grpc.pb.cc in Sources */,
				6F469845B07446329EE8F9367DC056AC /* pagination.pb.cc in Sources */,
				AAA65D9F6E9540B4BC01A7C37AB00085 /* common.grpc.pb.cc in Sources */,
				FE0276AD69F84693885CEBAC28AFB6DE /* pagination.grpc.pb.h in Sources */,
				FCBD345BADE640A8B22381D214C2322D /* common.grpc.pb.h in Sources */,
				3079A41D139E46038990852129158410 /* timestamp.pb.h in Sources */,
				C286603A760145EDBD1D91D5939E896E /* video_types.pb.h in Sources */,
				E31DCE54913447B9B49CFC435687447E /* timeline.grpc.pb.cc in Sources */,
				C74BA60A7B2F471389C069648AB068E1 /* timeline.grpc.pb.h in Sources */,
				5CB33A5775B8441BBD10C7D35CD7CAE3 /* media.pb.cc in Sources */,
				35240C60C55A4C3B811A73BE66B8C033 /* user.pb.cc in Sources */,
				F96EC4A3417944038D6BFCDDD2D49BDA /* note.grpc.pb.h in Sources */,
				A4D85FFFF0624CB195AAE87DF18E024E /* list_service.grpc.pb.cc in Sources */,
				BEEDA6C2D7D74ECC9D42D632F5136A55 /* list_service.pb.cc in Sources */,
				15AB41A39DDB4CBC9DB71D183269B5D6 /* note.pb.cc in Sources */,
				433988A1EE7644999BC1292CB88C3A1A /* notification.grpc.pb.cc in Sources */,
				B276B66324A7461287FE3A19534CC80C /* starterpack_service.pb.h in Sources */,
				6F2D2D7EECE5499090944F57014C7C17 /* search.grpc.pb.cc in Sources */,
				A59A217181C841C293C8C1F1A0C61231 /* search.grpc.pb.h in Sources */,
				C3D3C9E96EC148B5B0C9990D90571A11 /* drafts_service.grpc.pb.h in Sources */,
				0944661D0E6141DFA39C4040C1A37B1A /* messaging.pb.h in Sources */,
				594ABA1BCA9847A2BC28F9F1303F91B2 /* notification.grpc.pb.h in Sources */,
				7E33BF99D13A4B5392A6C9E27761FB9A /* user.pb.h in Sources */,
				4166CAC4B6A5432992FEAA2EE44FB444 /* fanout.grpc.pb.h in Sources */,
				B5CD04AE4882405EA50A5DC8E6C4F3DA /* messaging.grpc.pb.h in Sources */,
				CD386C6C921F444FAB4D699EA77ED03C /* starterpack_service.grpc.pb.cc in Sources */,
				2DC1364D914F4456807C2D5D4658DE7F /* messaging.pb.cc in Sources */,
				1E791D5D8301469D9E7270F727B6DE8A /* media.grpc.pb.cc in Sources */,
				5DC20811E37941BF90C0E9BF440BD8D7 /* drafts_service.pb.h in Sources */,
				ABB1E14B7FFB4B90BB0F53B85C62C29B /* drafts_service.grpc.pb.cc in Sources */,
				707285531FE2428A8F548C0F0761337F /* media.grpc.pb.h in Sources */,
				AAFE8046F686452F97C898A0A401AC5D /* user.grpc.pb.h in Sources */,
				1EF42FA7201B45B0840B6D97AD586738 /* note.grpc.pb.cc in Sources */,
				D5AD71014058418281F7F4837D1E7B61 /* fanout.pb.h in Sources */,
				0E335E23A9AF43C58CA53153026F5663 /* list_service.grpc.pb.h in Sources */,
				575F26F59FE44A18A2B2F326C8261795 /* notification.pb.h in Sources */,
				5D60B8DAB1694FB19A53EC6123D0B90D /* messaging.grpc.pb.cc in Sources */,
				6B6A4EE4F434446EB9E402179E60D8A4 /* notification.pb.cc in Sources */,
				0CA8A64CA1AC4315B3F39E2AFC2BE861 /* note.pb.h in Sources */,
				4BDC94CF6A254C94A3E3958E59ED4BEF /* media.pb.h in Sources */,
				AA189AE08A704E5FBA9F6E6B45AF98C5 /* fanout.pb.cc in Sources */,
				61B62689EFE94191B4B035C39E6FDD2E /* timeline.pb.cc in Sources */,
				17F64A393BFB496F97231FE71301934E /* search.pb.cc in Sources */,
				821AB91A1FC94B778959598FFB2F83DA /* starterpack_service.grpc.pb.h in Sources */,
				CB29798E02614405BC3403EB6C5460E8 /* drafts_service.pb.cc in Sources */,
				EF1BA28BA2A5466AB6715CF132ECB0FB /* search.pb.h in Sources */,
				84C30B5AC2054106B8E0C97AF1C08122 /* list_service.pb.h in Sources */,
				E86156CC7D81440C94C2A9C83C087D3E /* starterpack_service.pb.cc in Sources */,
				F8295DE350C5451F8BA52594C08A477F /* timeline.pb.h in Sources */,
				3233B5F3C84C4FC7AF89D1E39502A12C /* fanout.grpc.pb.cc in Sources */,
				597CB6B6066E44DABB59DAE02B3FF07B /* user.grpc.pb.cc in Sources */,
			};
/* End PBXSourcesBuildPhase section */

/* Begin XCBuildConfiguration section */
		13B07F941A680F5B00A75B9A /* Debug */ = {
			isa = XCBuildConfiguration;
			buildSettings = {
				ASSETCATALOG_COMPILER_APPICON_NAME = AppIcon;
				CLANG_ENABLE_MODULES = YES;
				CURRENT_PROJECT_VERSION = 1;
				ENABLE_BITCODE = NO;
				GCC_PREPROCESSOR_DEFINITIONS = (
					"$(inherited)",
					"FB_SONARKIT_ENABLED=1",
				);
				INFOPLIST_FILE = Time/Info.plist;
				IPHONEOS_DEPLOYMENT_TARGET = 15.1;
				LD_RUNPATH_SEARCH_PATHS = (
					"$(inherited)",
					"@executable_path/Frameworks",
				);
				MARKETING_VERSION = 1.0;
				OTHER_LDFLAGS = (
					"$(inherited)",
					"-ObjC",
					"-lc++",
				);
				PRODUCT_BUNDLE_IDENTIFIER = org.name.Time;
				PRODUCT_NAME = Time;
				SWIFT_OBJC_BRIDGING_HEADER = "Time/Time-Bridging-Header.h";
				SWIFT_OPTIMIZATION_LEVEL = "-Onone";
				SWIFT_VERSION = 5.0;
				VERSIONING_SYSTEM = "apple-generic";
			};
			name = Debug;
		};
		13B07F951A680F5B00A75B9A /* Release */ = {
			isa = XCBuildConfiguration;
			buildSettings = {
				ASSETCATALOG_COMPILER_APPICON_NAME = AppIcon;
				CLANG_ENABLE_MODULES = YES;
				CURRENT_PROJECT_VERSION = 1;
				INFOPLIST_FILE = Time/Info.plist;
				IPHONEOS_DEPLOYMENT_TARGET = 15.1;
				LD_RUNPATH_SEARCH_PATHS = (
					"$(inherited)",
					"@executable_path/Frameworks",
				);
				MARKETING_VERSION = 1.0;
				OTHER_LDFLAGS = (
					"$(inherited)",
					"-ObjC",
					"-lc++",
				);
				PRODUCT_BUNDLE_IDENTIFIER = org.name.Time;
				PRODUCT_NAME = Time;
				SWIFT_OBJC_BRIDGING_HEADER = "Time/Time-Bridging-Header.h";
				SWIFT_VERSION = 5.0;
				VERSIONING_SYSTEM = "apple-generic";
			};
			name = Release;
		};
		83CBBA201A601CBA00E9B192 /* Debug */ = {
			isa = XCBuildConfiguration;
			buildSettings = {
				ALWAYS_SEARCH_USER_PATHS = NO;
				CLANG_ANALYZER_LOCALIZABILITY_NONLOCALIZED = YES;
				CLANG_CXX_LANGUAGE_STANDARD = "c++20";
				CLANG_CXX_LIBRARY = "libc++";
				CLANG_ENABLE_MODULES = YES;
				CLANG_ENABLE_OBJC_ARC = YES;
				CLANG_WARN_BLOCK_CAPTURE_AUTORELEASING = YES;
				CLANG_WARN_BOOL_CONVERSION = YES;
				CLANG_WARN_COMMA = YES;
				CLANG_WARN_CONSTANT_CONVERSION = YES;
				CLANG_WARN_DEPRECATED_OBJC_IMPLEMENTATIONS = YES;
				CLANG_WARN_DIRECT_OBJC_ISA_USAGE = YES_ERROR;
				CLANG_WARN_EMPTY_BODY = YES;
				CLANG_WARN_ENUM_CONVERSION = YES;
				CLANG_WARN_INFINITE_RECURSION = YES;
				CLANG_WARN_INT_CONVERSION = YES;
				CLANG_WARN_NON_LITERAL_NULL_CONVERSION = YES;
				CLANG_WARN_OBJC_IMPLICIT_RETAIN_SELF = YES;
				CLANG_WARN_OBJC_LITERAL_CONVERSION = YES;
				CLANG_WARN_OBJC_ROOT_CLASS = YES_ERROR;
				CLANG_WARN_RANGE_LOOP_ANALYSIS = YES;
				CLANG_WARN_STRICT_PROTOTYPES = YES;
				CLANG_WARN_SUSPICIOUS_MOVE = YES;
				CLANG_WARN_UNREACHABLE_CODE = YES;
				CLANG_WARN__DUPLICATE_METHOD_MATCH = YES;
				"CODE_SIGN_IDENTITY[sdk=iphoneos*]" = "iPhone Developer";
				COPY_PHASE_STRIP = NO;
				ENABLE_STRICT_OBJC_MSGSEND = YES;
				ENABLE_TESTABILITY = YES;
				GCC_C_LANGUAGE_STANDARD = gnu99;
				GCC_DYNAMIC_NO_PIC = NO;
				GCC_NO_COMMON_BLOCKS = YES;
				GCC_OPTIMIZATION_LEVEL = 0;
				GCC_PREPROCESSOR_DEFINITIONS = (
					"DEBUG=1",
					"$(inherited)",
				);
				GCC_SYMBOLS_PRIVATE_EXTERN = NO;
				GCC_WARN_64_TO_32_BIT_CONVERSION = YES;
				GCC_WARN_ABOUT_RETURN_TYPE = YES_ERROR;
				GCC_WARN_UNDECLARED_SELECTOR = YES;
				GCC_WARN_UNINITIALIZED_AUTOS = YES_AGGRESSIVE;
				GCC_WARN_UNUSED_FUNCTION = YES;
				GCC_WARN_UNUSED_VARIABLE = YES;
				IPHONEOS_DEPLOYMENT_TARGET = 15.1;
				LD_RUNPATH_SEARCH_PATHS = (
					/usr/lib/swift,
					"$(inherited)",
				);
				LIBRARY_SEARCH_PATHS = "\"$(inherited)\"";
				MTL_ENABLE_DEBUG_INFO = YES;
				ONLY_ACTIVE_ARCH = YES;
				SDKROOT = iphoneos;
			};
			name = Debug;
		};
		83CBBA211A601CBA00E9B192 /* Release */ = {
			isa = XCBuildConfiguration;
			buildSettings = {
				ALWAYS_SEARCH_USER_PATHS = NO;
				CLANG_ANALYZER_LOCALIZABILITY_NONLOCALIZED = YES;
				CLANG_CXX_LANGUAGE_STANDARD = "c++20";
				CLANG_CXX_LIBRARY = "libc++";
				CLANG_ENABLE_MODULES = YES;
				CLANG_ENABLE_OBJC_ARC = YES;
				CLANG_WARN_BLOCK_CAPTURE_AUTORELEASING = YES;
				CLANG_WARN_BOOL_CONVERSION = YES;
				CLANG_WARN_COMMA = YES;
				CLANG_WARN_CONSTANT_CONVERSION = YES;
				CLANG_WARN_DEPRECATED_OBJC_IMPLEMENTATIONS = YES;
				CLANG_WARN_DIRECT_OBJC_ISA_USAGE = YES_ERROR;
				CLANG_WARN_EMPTY_BODY = YES;
				CLANG_WARN_ENUM_CONVERSION = YES;
				CLANG_WARN_INFINITE_RECURSION = YES;
				CLANG_WARN_INT_CONVERSION = YES;
				CLANG_WARN_NON_LITERAL_NULL_CONVERSION = YES;
				CLANG_WARN_OBJC_IMPLICIT_RETAIN_SELF = YES;
				CLANG_WARN_OBJC_LITERAL_CONVERSION = YES;
				CLANG_WARN_OBJC_ROOT_CLASS = YES_ERROR;
				CLANG_WARN_RANGE_LOOP_ANALYSIS = YES;
				CLANG_WARN_STRICT_PROTOTYPES = YES;
				CLANG_WARN_SUSPICIOUS_MOVE = YES;
				CLANG_WARN_UNREACHABLE_CODE = YES;
				CLANG_WARN__DUPLICATE_METHOD_MATCH = YES;
				"CODE_SIGN_IDENTITY[sdk=iphoneos*]" = "iPhone Developer";
				COPY_PHASE_STRIP = YES;
				ENABLE_NS_ASSERTIONS = NO;
				ENABLE_STRICT_OBJC_MSGSEND = YES;
				GCC_C_LANGUAGE_STANDARD = gnu99;
				GCC_NO_COMMON_BLOCKS = YES;
				GCC_WARN_64_TO_32_BIT_CONVERSION = YES;
				GCC_WARN_ABOUT_RETURN_TYPE = YES_ERROR;
				GCC_WARN_UNDECLARED_SELECTOR = YES;
				GCC_WARN_UNINITIALIZED_AUTOS = YES_AGGRESSIVE;
				GCC_WARN_UNUSED_FUNCTION = YES;
				GCC_WARN_UNUSED_VARIABLE = YES;
				IPHONEOS_DEPLOYMENT_TARGET = 15.1;
				LD_RUNPATH_SEARCH_PATHS = (
					/usr/lib/swift,
					"$(inherited)",
				);
				LIBRARY_SEARCH_PATHS = "\"$(inherited)\"";
				MTL_ENABLE_DEBUG_INFO = NO;
				SDKROOT = iphoneos;
				VALIDATE_PRODUCT = YES;
			};
			name = Release;
		};
/* End XCBuildConfiguration section */

/* Begin XCConfigurationList section */
		13B07F931A680F5B00A75B9A /* Build configuration list for PBXNativeTarget "Time" */ = {
			isa = XCConfigurationList;
			buildConfigurations = (
				13B07F941A680F5B00A75B9A /* Debug */,
				13B07F951A680F5B00A75B9A /* Release */,
			);
			defaultConfigurationIsVisible = 0;
			defaultConfigurationName = Release;
		};
		83CBB9FA1A601CBA00E9B192 /* Build configuration list for PBXProject "Time" */ = {
			isa = XCConfigurationList;
			buildConfigurations = (
				83CBBA201A601CBA00E9B192 /* Debug */,
				83CBBA211A601CBA00E9B192 /* Release */,
			);
			defaultConfigurationIsVisible = 0;
			defaultConfigurationName = Release;
		};
/* End XCConfigurationList section */
	};
	rootObject = 83CBB9F71A601CBA00E9B192 /* Project object */;
}
